
Microsoft Visual Studio Solution File, Format Version 12.00
# Visual Studio Version 17
VisualStudioVersion = 17.12.35707.178
MinimumVisualStudioVersion = 10.0.40219.1
Project("{2150E333-8FDC-42A3-9474-1A3956D46DE8}") = "src", "src", "{7F3509BC-863E-428A-976E-4C4D769C23A9}"
EndProject
Project("{2150E333-8FDC-42A3-9474-1A3956D46DE8}") = "1.Domain", "1.Domain", "{641E1421-F0E0-4B87-A1E0-A1F19CAC73E0}"
EndProject
Project("{2150E333-8FDC-42A3-9474-1A3956D46DE8}") = "Core", "Core", "{E7EB5944-8F8A-4F4D-B60A-0327C0C443D6}"
EndProject
Project("{2150E333-8FDC-42A3-9474-1A3956D46DE8}") = "Services", "Services", "{547B28D7-13C3-45D8-B0B0-0D66900AC89F}"
EndProject
Project("{FAE04EC0-301F-11D3-BF4B-00C04F79EFBC}") = "Achareh.Domain.Core", "src\1.Domain\Core\ClassLibrary1\Achareh.Domain.Core.csproj", "{B58670B2-2AB1-4C8A-A3DE-8D712E657D7D}"
EndProject
Project("{2150E333-8FDC-42A3-9474-1A3956D46DE8}") = "0.FrameWork", "0.FrameWork", "{EDD3A762-1A74-41BC-A703-64563F4CF311}"
EndProject
Project("{FAE04EC0-301F-11D3-BF4B-00C04F79EFBC}") = "Framework", "src\0.Framework\ClassLibrary1\Framework.csproj", "{D058F5B3-0B92-4BF4-A6A7-2166881F923E}"
EndProject
Project("{2150E333-8FDC-42A3-9474-1A3956D46DE8}") = "2.Infrastructure", "2.Infrastructure", "{BA24A936-5258-4FBC-9C03-9ABE4691C49A}"
EndProject
Project("{FAE04EC0-301F-11D3-BF4B-00C04F79EFBC}") = "Achareh.Infrastructure.EfCore", "src\2.Infrastructure\Achareh.Infrastructure.EfCore\Achareh.Infrastructure.EfCore.csproj", "{0B1B8EFC-990B-435E-A630-203F4735E8F1}"
EndProject
Project("{2150E333-8FDC-42A3-9474-1A3956D46DE8}") = "3.Endpoint", "3.Endpoint", "{AFC90840-AD3C-49EC-B599-A6DE2F05ABD7}"
EndProject
Project("{FAE04EC0-301F-11D3-BF4B-00C04F79EFBC}") = "Achareh.Endpoint.MVC", "src\3.Endpoints\WebApplication1\Achareh.Endpoint.MVC.csproj", "{194276B4-4003-438B-8249-16F6F63780E4}"
EndProject
Global
	GlobalSection(SolutionConfigurationPlatforms) = preSolution
		Debug|Any CPU = Debug|Any CPU
		Release|Any CPU = Release|Any CPU
	EndGlobalSection
	GlobalSection(ProjectConfigurationPlatforms) = postSolution
		{B58670B2-2AB1-4C8A-A3DE-8D712E657D7D}.Debug|Any CPU.ActiveCfg = Debug|Any CPU
		{B58670B2-2AB1-4C8A-A3DE-8D712E657D7D}.Debug|Any CPU.Build.0 = Debug|Any CPU
		{B58670B2-2AB1-4C8A-A3DE-8D712E657D7D}.Release|Any CPU.ActiveCfg = Release|Any CPU
		{B58670B2-2AB1-4C8A-A3DE-8D712E657D7D}.Release|Any CPU.Build.0 = Release|Any CPU
		{D058F5B3-0B92-4BF4-A6A7-2166881F923E}.Debug|Any CPU.ActiveCfg = Debug|Any CPU
		{D058F5B3-0B92-4BF4-A6A7-2166881F923E}.Debug|Any CPU.Build.0 = Debug|Any CPU
		{D058F5B3-0B92-4BF4-A6A7-2166881F923E}.Release|Any CPU.ActiveCfg = Release|Any CPU
		{D058F5B3-0B92-4BF4-A6A7-2166881F923E}.Release|Any CPU.Build.0 = Release|Any CPU
		{0B1B8EFC-990B-435E-A630-203F4735E8F1}.Debug|Any CPU.ActiveCfg = Debug|Any CPU
		{0B1B8EFC-990B-435E-A630-203F4735E8F1}.Debug|Any CPU.Build.0 = Debug|Any CPU
		{0B1B8EFC-990B-435E-A630-203F4735E8F1}.Release|Any CPU.ActiveCfg = Release|Any CPU
		{0B1B8EFC-990B-435E-A630-203F4735E8F1}.Release|Any CPU.Build.0 = Release|Any CPU
		{194276B4-4003-438B-8249-16F6F63780E4}.Debug|Any CPU.ActiveCfg = Debug|Any CPU
		{194276B4-4003-438B-8249-16F6F63780E4}.Debug|Any CPU.Build.0 = Debug|Any CPU
		{194276B4-4003-438B-8249-16F6F63780E4}.Release|Any CPU.ActiveCfg = Release|Any CPU
		{194276B4-4003-438B-8249-16F6F63780E4}.Release|Any CPU.Build.0 = Release|Any CPU
	EndGlobalSection
	GlobalSection(SolutionProperties) = preSolution
		HideSolutionNode = FALSE
	EndGlobalSection
	GlobalSection(NestedProjects) = preSolution
		{641E1421-F0E0-4B87-A1E0-A1F19CAC73E0} = {7F3509BC-863E-428A-976E-4C4D769C23A9}
		{E7EB5944-8F8A-4F4D-B60A-0327C0C443D6} = {641E1421-F0E0-4B87-A1E0-A1F19CAC73E0}
		{547B28D7-13C3-45D8-B0B0-0D66900AC89F} = {641E1421-F0E0-4B87-A1E0-A1F19CAC73E0}
		{B58670B2-2AB1-4C8A-A3DE-8D712E657D7D} = {E7EB5944-8F8A-4F4D-B60A-0327C0C443D6}
		{EDD3A762-1A74-41BC-A703-64563F4CF311} = {7F3509BC-863E-428A-976E-4C4D769C23A9}
		{D058F5B3-0B92-4BF4-A6A7-2166881F923E} = {EDD3A762-1A74-41BC-A703-64563F4CF311}
		{BA24A936-5258-4FBC-9C03-9ABE4691C49A} = {7F3509BC-863E-428A-976E-4C4D769C23A9}
		{0B1B8EFC-990B-435E-A630-203F4735E8F1} = {BA24A936-5258-4FBC-9C03-9ABE4691C49A}
		{AFC90840-AD3C-49EC-B599-A6DE2F05ABD7} = {7F3509BC-863E-428A-976E-4C4D769C23A9}
		{194276B4-4003-438B-8249-16F6F63780E4} = {AFC90840-AD3C-49EC-B599-A6DE2F05ABD7}
	EndGlobalSection
EndGlobal
